{
  "name": "radiator-page",
  "version": "1.0.0",
  "lockfileVersion": 2,
  "requires": true,
  "packages": {
    "": {
      "name": "radiator-page",
      "version": "1.0.0",
      "dependencies": {
        "@stencil/core": "^3.2.0",
        "notiflix": "^3.2.6"
      },
      "devDependencies": {
        "@stencil/sass": "^3.0.1"
      }
    },
    "node_modules/@stencil/core": {
      "version": "3.2.0",
      "resolved": "https://registry.npmjs.org/@stencil/core/-/core-3.2.0.tgz",
      "integrity": "sha512-vAZiHg4h6hZn4GP6P4w/d7qJwovW0xroitVAn/Ay0rUOeMHqMDYTX5jq0Vy/bgKactKam5WL/to50esGe6lDUQ==",
      "bin": {
        "stencil": "bin/stencil"
      },
      "engines": {
        "node": ">=14.10.0",
        "npm": ">=6.0.0"
      }
    },
    "node_modules/@stencil/sass": {
      "version": "3.0.1",
      "resolved": "https://registry.npmjs.org/@stencil/sass/-/sass-3.0.1.tgz",
      "integrity": "sha512-nAcD7MyUy+gieodk/mMSqYE4FERWf2Hiun+QR+srnugpclP2MMRq/Ik1SGUcFrWj+L6lSvoCyWimSEigf9aSBg==",
      "dev": true,
      "peerDependencies": {
        "@stencil/core": ">=2.0.0 || >=3.0.0-beta.0"
      }
    },
    "node_modules/notiflix": {
      "version": "3.2.6",
      "resolved": "https://registry.npmjs.org/notiflix/-/notiflix-3.2.6.tgz",
      "integrity": "sha512-mUoaJ/s9E4r8o1O8XRqcuXEylpgOkfXtI5SEkBBlBK+LK7nq1c6qQaQcF7QzS/S018Ww7uUqSZotOs5cHENvVw=="
    }
  },
  "dependencies": {
    "@stencil/core": {
      "version": "3.2.0",
      "resolved": "https://registry.npmjs.org/@stencil/core/-/core-3.2.0.tgz",
      "integrity": "sha512-vAZiHg4h6hZn4GP6P4w/d7qJwovW0xroitVAn/Ay0rUOeMHqMDYTX5jq0Vy/bgKactKam5WL/to50esGe6lDUQ=="
    },
    "@stencil/sass": {
      "version": "3.0.1",
      "resolved": "https://registry.npmjs.org/@stencil/sass/-/sass-3.0.1.tgz",
      "integrity": "sha512-nAcD7MyUy+gieodk/mMSqYE4FERWf2Hiun+QR+srnugpclP2MMRq/Ik1SGUcFrWj+L6lSvoCyWimSEigf9aSBg==",
      "dev": true,
      "requires": {}
    },
    "notiflix": {
      "version": "3.2.6",
      "resolved": "https://registry.npmjs.org/notiflix/-/notiflix-3.2.6.tgz",
      "integrity": "sha512-mUoaJ/s9E4r8o1O8XRqcuXEylpgOkfXtI5SEkBBlBK+LK7nq1c6qQaQcF7QzS/S018Ww7uUqSZotOs5cHENvVw=="
    }
  }
}
