{
  "name": "radiator-page",
  "version": "1.0.0",
  "lockfileVersion": 2,
  "requires": true,
  "packages": {
    "": {
      "name": "radiator-page",
      "version": "1.0.0",
      "dependencies": {
        "@stencil/core": "^4.9.1",
        "notiflix": "^3.2.6"
      },
      "devDependencies": {
        "@stencil/sass": "^3.0.6"
      }
    },
    "node_modules/@stencil/core": {
      "version": "4.9.1",
      "resolved": "https://registry.npmjs.org/@stencil/core/-/core-4.9.1.tgz",
      "integrity": "sha512-FB3vQR2xbX8RkiKdvBRj6jAe2VunKgB4U5hWSbpdcg/GhZrwOhsEgkGUGa8hGm9bgEUpIu16in1zFqziPyBEFw==",
      "bin": {
        "stencil": "bin/stencil"
      },
      "engines": {
        "node": ">=16.0.0",
        "npm": ">=7.10.0"
      }
    },
    "node_modules/@stencil/sass": {
      "version": "3.0.6",
      "resolved": "https://registry.npmjs.org/@stencil/sass/-/sass-3.0.6.tgz",
      "integrity": "sha512-d+k8qCvDgzI/vIV7M5QavIS6b75X4yn+YQH80KA/L0oL/hKD8KeF3wMOd7P1nDhGLIGRNw5tBDbe0GeIsGVU7A==",
      "dev": true,
      "engines": {
        "node": ">=12.0.0",
        "npm": ">=6.0.0"
      },
      "peerDependencies": {
        "@stencil/core": ">=2.0.0 || >=3.0.0-beta.0 || >= 4.0.0-beta.0 || >= 4.0.0"
      }
    },
    "node_modules/notiflix": {
      "version": "3.2.6",
      "resolved": "https://registry.npmjs.org/notiflix/-/notiflix-3.2.6.tgz",
      "integrity": "sha512-mUoaJ/s9E4r8o1O8XRqcuXEylpgOkfXtI5SEkBBlBK+LK7nq1c6qQaQcF7QzS/S018Ww7uUqSZotOs5cHENvVw=="
    }
  },
  "dependencies": {
    "@stencil/core": {
      "version": "4.9.1",
      "resolved": "https://registry.npmjs.org/@stencil/core/-/core-4.9.1.tgz",
      "integrity": "sha512-FB3vQR2xbX8RkiKdvBRj6jAe2VunKgB4U5hWSbpdcg/GhZrwOhsEgkGUGa8hGm9bgEUpIu16in1zFqziPyBEFw=="
    },
    "@stencil/sass": {
      "version": "3.0.6",
      "resolved": "https://registry.npmjs.org/@stencil/sass/-/sass-3.0.6.tgz",
      "integrity": "sha512-d+k8qCvDgzI/vIV7M5QavIS6b75X4yn+YQH80KA/L0oL/hKD8KeF3wMOd7P1nDhGLIGRNw5tBDbe0GeIsGVU7A==",
      "dev": true,
      "requires": {}
    },
    "notiflix": {
      "version": "3.2.6",
      "resolved": "https://registry.npmjs.org/notiflix/-/notiflix-3.2.6.tgz",
      "integrity": "sha512-mUoaJ/s9E4r8o1O8XRqcuXEylpgOkfXtI5SEkBBlBK+LK7nq1c6qQaQcF7QzS/S018Ww7uUqSZotOs5cHENvVw=="
    }
  }
}
