{
  "name": "radiator-page",
  "version": "1.0.0",
  "lockfileVersion": 2,
  "requires": true,
  "packages": {
    "": {
      "name": "radiator-page",
      "version": "1.0.0",
      "dependencies": {
        "@stencil/core": "^4.1.0",
        "notiflix": "^3.2.6"
      },
      "devDependencies": {
        "@stencil/sass": "^3.0.5"
      }
    },
    "node_modules/@stencil/core": {
      "version": "4.1.0",
      "resolved": "https://registry.npmjs.org/@stencil/core/-/core-4.1.0.tgz",
      "integrity": "sha512-yIpL+CX02fy5zvFXwXcHZjjEILRm3aiONbucpfLIWPS7zcBAuucdROssartEa+D7E1JRko97ydxn1Ntdu4GoWg==",
      "bin": {
        "stencil": "bin/stencil"
      },
      "engines": {
        "node": ">=16.0.0",
        "npm": ">=7.10.0"
      }
    },
    "node_modules/@stencil/sass": {
      "version": "3.0.5",
      "resolved": "https://registry.npmjs.org/@stencil/sass/-/sass-3.0.5.tgz",
      "integrity": "sha512-9nyllMXOEvHywo6fP2iwXgnq32A+OOUE36Aq7iUjzwT3wdr04qsvupO1JNIyRvmvCDF15hOKXztrZH1/wDu2Zg==",
      "dev": true,
      "engines": {
        "node": ">=12.0.0",
        "npm": ">=6.0.0"
      },
      "peerDependencies": {
        "@stencil/core": ">=2.0.0 || >=3.0.0-beta.0 || >= 4.0.0-beta.0 || >= 4.0.0"
      }
    },
    "node_modules/notiflix": {
      "version": "3.2.6",
      "resolved": "https://registry.npmjs.org/notiflix/-/notiflix-3.2.6.tgz",
      "integrity": "sha512-mUoaJ/s9E4r8o1O8XRqcuXEylpgOkfXtI5SEkBBlBK+LK7nq1c6qQaQcF7QzS/S018Ww7uUqSZotOs5cHENvVw=="
    }
  },
  "dependencies": {
    "@stencil/core": {
      "version": "4.1.0",
      "resolved": "https://registry.npmjs.org/@stencil/core/-/core-4.1.0.tgz",
      "integrity": "sha512-yIpL+CX02fy5zvFXwXcHZjjEILRm3aiONbucpfLIWPS7zcBAuucdROssartEa+D7E1JRko97ydxn1Ntdu4GoWg=="
    },
    "@stencil/sass": {
      "version": "3.0.5",
      "resolved": "https://registry.npmjs.org/@stencil/sass/-/sass-3.0.5.tgz",
      "integrity": "sha512-9nyllMXOEvHywo6fP2iwXgnq32A+OOUE36Aq7iUjzwT3wdr04qsvupO1JNIyRvmvCDF15hOKXztrZH1/wDu2Zg==",
      "dev": true,
      "requires": {}
    },
    "notiflix": {
      "version": "3.2.6",
      "resolved": "https://registry.npmjs.org/notiflix/-/notiflix-3.2.6.tgz",
      "integrity": "sha512-mUoaJ/s9E4r8o1O8XRqcuXEylpgOkfXtI5SEkBBlBK+LK7nq1c6qQaQcF7QzS/S018Ww7uUqSZotOs5cHENvVw=="
    }
  }
}
